
Microsoft Visual Studio Solution File, Format Version 12.00
# Visual Studio Version 16
VisualStudioVersion = 16.0.30406.217
MinimumVisualStudioVersion = 10.0.40219.1
Project("{9A19103F-16F7-4668-BE54-9A1E7A4F7556}") = "Petshop.UI", "Petshop.UI.csproj", "{5D85428A-A4E7-4FB1-8C23-2CBAEE591A70}"
EndProject
Project("{9A19103F-16F7-4668-BE54-9A1E7A4F7556}") = "Petshop.core", "..\Petshop.core\Petshop.core.csproj", "{54823757-15C3-4A03-AE3F-64D8620A8D07}"
EndProject
Project("{9A19103F-16F7-4668-BE54-9A1E7A4F7556}") = "Petshop.Core.Entity", "..\Petshop.Core.Entity\Petshop.Core.Entity.csproj", "{B3704F70-5456-4DD2-A2E1-7DF10C6C1E2E}"
EndProject
Project("{9A19103F-16F7-4668-BE54-9A1E7A4F7556}") = "Petshop.infraStructure.Data", "..\Petshop.infraStructure.Data\Petshop.infraStructure.Data.csproj", "{AF760FDC-F033-4D82-B6AD-EF3EEBFB5F1D}"
EndProject
Project("{2150E333-8FDC-42A3-9474-1A3956D46DE8}") = "UI", "UI", "{EAED3025-A21D-41B7-A456-30C0C75B5852}"
EndProject
Project("{9A19103F-16F7-4668-BE54-9A1E7A4F7556}") = "PetShop_RestAPI", "..\PetShop_RestAPI\PetShop_RestAPI.csproj", "{D9EA5726-3436-411E-A94E-104A0DC018B4}"
EndProject
Project("{2150E333-8FDC-42A3-9474-1A3956D46DE8}") = "core", "core", "{3BEED2B9-6C5F-4564-9AEE-37B58BEA0F1B}"
EndProject
Project("{2150E333-8FDC-42A3-9474-1A3956D46DE8}") = "infraStructure", "infraStructure", "{C1B99DE7-FC83-484F-BE4C-AEE3D1CD2676}"
EndProject
Project("{9A19103F-16F7-4668-BE54-9A1E7A4F7556}") = "Petshop.core.enums", "..\Petshop.core.enums\Petshop.core.enums.csproj", "{ABD03DBE-F0E6-435A-B441-AB7B5242D5CA}"
EndProject
Project("{9A19103F-16F7-4668-BE54-9A1E7A4F7556}") = "Petshop.Core.Filter", "..\Petshop.Core.Filter\Petshop.Core.Filter.csproj", "{F12B599B-5542-44AB-AEFC-3D43A8A5CE37}"
EndProject
Project("{9A19103F-16F7-4668-BE54-9A1E7A4F7556}") = "Petshop.Infrastructure.Db.Data", "..\Petshop.Infrastructure.sqlite.data\Petshop.Infrastructure.Db.Data.csproj", "{EAD01932-AE2F-4F6C-929D-5377F8B8FA8C}"
EndProject
Global
	GlobalSection(SolutionConfigurationPlatforms) = preSolution
		Debug|Any CPU = Debug|Any CPU
		Release|Any CPU = Release|Any CPU
	EndGlobalSection
	GlobalSection(ProjectConfigurationPlatforms) = postSolution
		{5D85428A-A4E7-4FB1-8C23-2CBAEE591A70}.Debug|Any CPU.ActiveCfg = Debug|Any CPU
		{5D85428A-A4E7-4FB1-8C23-2CBAEE591A70}.Debug|Any CPU.Build.0 = Debug|Any CPU
		{5D85428A-A4E7-4FB1-8C23-2CBAEE591A70}.Release|Any CPU.ActiveCfg = Release|Any CPU
		{5D85428A-A4E7-4FB1-8C23-2CBAEE591A70}.Release|Any CPU.Build.0 = Release|Any CPU
		{54823757-15C3-4A03-AE3F-64D8620A8D07}.Debug|Any CPU.ActiveCfg = Debug|Any CPU
		{54823757-15C3-4A03-AE3F-64D8620A8D07}.Debug|Any CPU.Build.0 = Debug|Any CPU
		{54823757-15C3-4A03-AE3F-64D8620A8D07}.Release|Any CPU.ActiveCfg = Release|Any CPU
		{54823757-15C3-4A03-AE3F-64D8620A8D07}.Release|Any CPU.Build.0 = Release|Any CPU
		{B3704F70-5456-4DD2-A2E1-7DF10C6C1E2E}.Debug|Any CPU.ActiveCfg = Debug|Any CPU
		{B3704F70-5456-4DD2-A2E1-7DF10C6C1E2E}.Debug|Any CPU.Build.0 = Debug|Any CPU
		{B3704F70-5456-4DD2-A2E1-7DF10C6C1E2E}.Release|Any CPU.ActiveCfg = Release|Any CPU
		{B3704F70-5456-4DD2-A2E1-7DF10C6C1E2E}.Release|Any CPU.Build.0 = Release|Any CPU
		{AF760FDC-F033-4D82-B6AD-EF3EEBFB5F1D}.Debug|Any CPU.ActiveCfg = Debug|Any CPU
		{AF760FDC-F033-4D82-B6AD-EF3EEBFB5F1D}.Debug|Any CPU.Build.0 = Debug|Any CPU
		{AF760FDC-F033-4D82-B6AD-EF3EEBFB5F1D}.Release|Any CPU.ActiveCfg = Release|Any CPU
		{AF760FDC-F033-4D82-B6AD-EF3EEBFB5F1D}.Release|Any CPU.Build.0 = Release|Any CPU
		{D9EA5726-3436-411E-A94E-104A0DC018B4}.Debug|Any CPU.ActiveCfg = Debug|Any CPU
		{D9EA5726-3436-411E-A94E-104A0DC018B4}.Debug|Any CPU.Build.0 = Debug|Any CPU
		{D9EA5726-3436-411E-A94E-104A0DC018B4}.Release|Any CPU.ActiveCfg = Release|Any CPU
		{D9EA5726-3436-411E-A94E-104A0DC018B4}.Release|Any CPU.Build.0 = Release|Any CPU
		{ABD03DBE-F0E6-435A-B441-AB7B5242D5CA}.Debug|Any CPU.ActiveCfg = Debug|Any CPU
		{ABD03DBE-F0E6-435A-B441-AB7B5242D5CA}.Debug|Any CPU.Build.0 = Debug|Any CPU
		{ABD03DBE-F0E6-435A-B441-AB7B5242D5CA}.Release|Any CPU.ActiveCfg = Release|Any CPU
		{ABD03DBE-F0E6-435A-B441-AB7B5242D5CA}.Release|Any CPU.Build.0 = Release|Any CPU
		{F12B599B-5542-44AB-AEFC-3D43A8A5CE37}.Debug|Any CPU.ActiveCfg = Debug|Any CPU
		{F12B599B-5542-44AB-AEFC-3D43A8A5CE37}.Debug|Any CPU.Build.0 = Debug|Any CPU
		{F12B599B-5542-44AB-AEFC-3D43A8A5CE37}.Release|Any CPU.ActiveCfg = Release|Any CPU
		{F12B599B-5542-44AB-AEFC-3D43A8A5CE37}.Release|Any CPU.Build.0 = Release|Any CPU
		{EAD01932-AE2F-4F6C-929D-5377F8B8FA8C}.Debug|Any CPU.ActiveCfg = Debug|Any CPU
		{EAD01932-AE2F-4F6C-929D-5377F8B8FA8C}.Debug|Any CPU.Build.0 = Debug|Any CPU
		{EAD01932-AE2F-4F6C-929D-5377F8B8FA8C}.Release|Any CPU.ActiveCfg = Release|Any CPU
		{EAD01932-AE2F-4F6C-929D-5377F8B8FA8C}.Release|Any CPU.Build.0 = Release|Any CPU
	EndGlobalSection
	GlobalSection(SolutionProperties) = preSolution
		HideSolutionNode = FALSE
	EndGlobalSection
	GlobalSection(NestedProjects) = preSolution
		{5D85428A-A4E7-4FB1-8C23-2CBAEE591A70} = {EAED3025-A21D-41B7-A456-30C0C75B5852}
		{54823757-15C3-4A03-AE3F-64D8620A8D07} = {3BEED2B9-6C5F-4564-9AEE-37B58BEA0F1B}
		{B3704F70-5456-4DD2-A2E1-7DF10C6C1E2E} = {3BEED2B9-6C5F-4564-9AEE-37B58BEA0F1B}
		{AF760FDC-F033-4D82-B6AD-EF3EEBFB5F1D} = {C1B99DE7-FC83-484F-BE4C-AEE3D1CD2676}
		{D9EA5726-3436-411E-A94E-104A0DC018B4} = {EAED3025-A21D-41B7-A456-30C0C75B5852}
		{ABD03DBE-F0E6-435A-B441-AB7B5242D5CA} = {3BEED2B9-6C5F-4564-9AEE-37B58BEA0F1B}
		{F12B599B-5542-44AB-AEFC-3D43A8A5CE37} = {3BEED2B9-6C5F-4564-9AEE-37B58BEA0F1B}
		{EAD01932-AE2F-4F6C-929D-5377F8B8FA8C} = {C1B99DE7-FC83-484F-BE4C-AEE3D1CD2676}
	EndGlobalSection
	GlobalSection(ExtensibilityGlobals) = postSolution
		SolutionGuid = {3E3F08EC-2BCC-4851-AEB6-6791591A2A9C}
	EndGlobalSection
EndGlobal
